// !$*UTF8*$!
{
	archiveVersion = 1;
	classes = {
	};
	objectVersion = 48;
	objects = {

/* Begin PBXBuildFile section */
		391C7A0A1FEE719600921D42 /* AppDelegate.swift in Sources */ = {isa = PBXBuildFile; fileRef = 391C7A091FEE719600921D42 /* AppDelegate.swift */; };
		391C7A0C1FEE719600921D42 /* ViewController.swift in Sources */ = {isa = PBXBuildFile; fileRef = 391C7A0B1FEE719600921D42 /* ViewController.swift */; };
		391C7A0F1FEE719600921D42 /* Main.storyboard in Resources */ = {isa = PBXBuildFile; fileRef = 391C7A0D1FEE719600921D42 /* Main.storyboard */; };
		391C7A111FEE719600921D42 /* Assets.xcassets in Resources */ = {isa = PBXBuildFile; fileRef = 391C7A101FEE719600921D42 /* Assets.xcassets */; };
		391C7A141FEE719600921D42 /* LaunchScreen.storyboard in Resources */ = {isa = PBXBuildFile; fileRef = 391C7A121FEE719600921D42 /* LaunchScreen.storyboard */; };
		391C7A1F1FEE719700921D42 /* CircularTransitionTests.swift in Sources */ = {isa = PBXBuildFile; fileRef = 391C7A1E1FEE719700921D42 /* CircularTransitionTests.swift */; };
		391C7A2A1FEE719700921D42 /* CircularTransitionUITests.swift in Sources */ = {isa = PBXBuildFile; fileRef = 391C7A291FEE719700921D42 /* CircularTransitionUITests.swift */; };
		391C7A381FEE74B000921D42 /* SecondviewController.swift in Sources */ = {isa = PBXBuildFile; fileRef = 391C7A371FEE74B000921D42 /* SecondviewController.swift */; };
		391C7A3A1FEE764E00921D42 /* CircularTransistion.swift in Sources */ = {isa = PBXBuildFile; fileRef = 391C7A391FEE764E00921D42 /* CircularTransistion.swift */; };
/* End PBXBuildFile section */

/* Begin PBXContainerItemProxy section */
		391C7A1B1FEE719700921D42 /* PBXContainerItemProxy */ = {
			isa = PBXContainerItemProxy;
			containerPortal = 391C79FE1FEE719600921D42 /* Project object */;
			proxyType = 1;
			remoteGlobalIDString = 391C7A051FEE719600921D42;
			remoteInfo = CircularTransition;
		};
		391C7A261FEE719700921D42 /* PBXContainerItemProxy */ = {
			isa = PBXContainerItemProxy;
			containerPortal = 391C79FE1FEE719600921D42 /* Project object */;
			proxyType = 1;
			remoteGlobalIDString = 391C7A051FEE719600921D42;
			remoteInfo = CircularTransition;
		};
/* End PBXContainerItemProxy section */

/* Begin PBXFileReference section */
		391C7A061FEE719600921D42 /* CircularTransition.app */ = {isa = PBXFileReference; explicitFileType = wrapper.application; includeInIndex = 0; path = CircularTransition.app; sourceTree = BUILT_PRODUCTS_DIR; };
		391C7A091FEE719600921D42 /* AppDelegate.swift */ = {isa = PBXFileReference; lastKnownFileType = sourcecode.swift; path = AppDelegate.swift; sourceTree = "<group>"; };
		391C7A0B1FEE719600921D42 /* ViewController.swift */ = {isa = PBXFileReference; lastKnownFileType = sourcecode.swift; path = ViewController.swift; sourceTree = "<group>"; };
		391C7A0E1FEE719600921D42 /* Base */ = {isa = PBXFileReference; lastKnownFileType = file.storyboard; name = Base; path = Base.lproj/Main.storyboard; sourceTree = "<group>"; };
		391C7A101FEE719600921D42 /* Assets.xcassets */ = {isa = PBXFileReference; lastKnownFileType = folder.assetcatalog; path = Assets.xcassets; sourceTree = "<group>"; };
		391C7A131FEE719600921D42 /* Base */ = {isa = PBXFileReference; lastKnownFileType = file.storyboard; name = Base; path = Base.lproj/LaunchScreen.storyboard; sourceTree = "<group>"; };
		391C7A151FEE719600921D42 /* Info.plist */ = {isa = PBXFileReference; lastKnownFileType = text.plist.xml; path = Info.plist; sourceTree = "<group>"; };
		391C7A1A1FEE719700921D42 /* CircularTransitionTests.xctest */ = {isa = PBXFileReference; explicitFileType = wrapper.cfbundle; includeInIndex = 0; path = CircularTransitionTests.xctest; sourceTree = BUILT_PRODUCTS_DIR; };
		391C7A1E1FEE719700921D42 /* CircularTransitionTests.swift */ = {isa = PBXFileReference; lastKnownFileType = sourcecode.swift; path = CircularTransitionTests.swift; sourceTree = "<group>"; };
		391C7A201FEE719700921D42 /* Info.plist */ = {isa = PBXFileReference; lastKnownFileType = text.plist.xml; path = Info.plist; sourceTree = "<group>"; };
		391C7A251FEE719700921D42 /* CircularTransitionUITests.xctest */ = {isa = PBXFileReference; explicitFileType = wrapper.cfbundle; includeInIndex = 0; path = CircularTransitionUITests.xctest; sourceTree = BUILT_PRODUCTS_DIR; };
		391C7A291FEE719700921D42 /* CircularTransitionUITests.swift */ = {isa = PBXFileReference; lastKnownFileType = sourcecode.swift; path = CircularTransitionUITests.swift; sourceTree = "<group>"; };
		391C7A2B1FEE719700921D42 /* Info.plist */ = {isa = PBXFileReference; lastKnownFileType = text.plist.xml; path = Info.plist; sourceTree = "<group>"; };
		391C7A371FEE74B000921D42 /* SecondviewController.swift */ = {isa = PBXFileReference; lastKnownFileType = sourcecode.swift; path = SecondviewController.swift; sourceTree = "<group>"; };
		391C7A391FEE764E00921D42 /* CircularTransistion.swift */ = {isa = PBXFileReference; lastKnownFileType = sourcecode.swift; path = CircularTransistion.swift; sourceTree = "<group>"; };
/* End PBXFileReference section */

/* Begin PBXFrameworksBuildPhase section */
		391C7A031FEE719600921D42 /* Frameworks */ = {
			isa = PBXFrameworksBuildPhase;
			buildActionMask = 2147483647;
			files = (
			);
			runOnlyForDeploymentPostprocessing = 0;
		};
		391C7A171FEE719700921D42 /* Frameworks */ = {
			isa = PBXFrameworksBuildPhase;
			buildActionMask = 2147483647;
			files = (
			);
			runOnlyForDeploymentPostprocessing = 0;
		};
		391C7A221FEE719700921D42 /* Frameworks */ = {
			isa = PBXFrameworksBuildPhase;
			buildActionMask = 2147483647;
			files = (
			);
			runOnlyForDeploymentPostprocessing = 0;
		};
/* End PBXFrameworksBuildPhase section */

/* Begin PBXGroup section */
		391C79FD1FEE719600921D42 = {
			isa = PBXGroup;
			children = (
				391C7A081FEE719600921D42 /* CircularTransition */,
				391C7A1D1FEE719700921D42 /* CircularTransitionTests */,
				391C7A281FEE719700921D42 /* CircularTransitionUITests */,
				391C7A071FEE719600921D42 /* Products */,
			);
			sourceTree = "<group>";
		};
		391C7A071FEE719600921D42 /* Products */ = {
			isa = PBXGroup;
			children = (
				391C7A061FEE719600921D42 /* CircularTransition.app */,
				391C7A1A1FEE719700921D42 /* CircularTransitionTests.xctest */,
				391C7A251FEE719700921D42 /* CircularTransitionUITests.xctest */,
			);
			name = Products;
			sourceTree = "<group>";
		};
		391C7A081FEE719600921D42 /* CircularTransition */ = {
			isa = PBXGroup;
			children = (
				391C7A091FEE719600921D42 /* AppDelegate.swift */,
				391C7A0B1FEE719600921D42 /* ViewController.swift */,
				391C7A0D1FEE719600921D42 /* Main.storyboard */,
				391C7A391FEE764E00921D42 /* CircularTransistion.swift */,
				391C7A371FEE74B000921D42 /* SecondviewController.swift */,
				391C7A101FEE719600921D42 /* Assets.xcassets */,
				391C7A121FEE719600921D42 /* LaunchScreen.storyboard */,
				391C7A151FEE719600921D42 /* Info.plist */,
			);
			path = CircularTransition;
			sourceTree = "<group>";
		};
		391C7A1D1FEE719700921D42 /* CircularTransitionTests */ = {
			isa = PBXGroup;
			children = (
				391C7A1E1FEE719700921D42 /* CircularTransitionTests.swift */,
				391C7A201FEE719700921D42 /* Info.plist */,
			);
			path = CircularTransitionTests;
			sourceTree = "<group>";
		};
		391C7A281FEE719700921D42 /* CircularTransitionUITests */ = {
			isa = PBXGroup;
			children = (
				391C7A291FEE719700921D42 /* CircularTransitionUITests.swift */,
				391C7A2B1FEE719700921D42 /* Info.plist */,
			);
			path = CircularTransitionUITests;
			sourceTree = "<group>";
		};
/* End PBXGroup section */

/* Begin PBXNativeTarget section */
		391C7A051FEE719600921D42 /* CircularTransition */ = {
			isa = PBXNativeTarget;
			buildConfigurationList = 391C7A2E1FEE719700921D42 /* Build configuration list for PBXNativeTarget "CircularTransition" */;
			buildPhases = (
				391C7A021FEE719600921D42 /* Sources */,
				391C7A031FEE719600921D42 /* Frameworks */,
				391C7A041FEE719600921D42 /* Resources */,
			);
			buildRules = (
			);
			dependencies = (
			);
			name = CircularTransition;
			productName = CircularTransition;
			productReference = 391C7A061FEE719600921D42 /* CircularTransition.app */;
			productType = "com.apple.product-type.application";
		};
		391C7A191FEE719700921D42 /* CircularTransitionTests */ = {
			isa = PBXNativeTarget;
			buildConfigurationList = 391C7A311FEE719700921D42 /* Build configuration list for PBXNativeTarget "CircularTransitionTests" */;
			buildPhases = (
				391C7A161FEE719700921D42 /* Sources */,
				391C7A171FEE719700921D42 /* Frameworks */,
				391C7A181FEE719700921D42 /* Resources */,
			);
			buildRules = (
			);
			dependencies = (
				391C7A1C1FEE719700921D42 /* PBXTargetDependency */,
			);
			name = CircularTransitionTests;
			productName = CircularTransitionTests;
			productReference = 391C7A1A1FEE719700921D42 /* CircularTransitionTests.xctest */;
			productType = "com.apple.product-type.bundle.unit-test";
		};
		391C7A241FEE719700921D42 /* CircularTransitionUITests */ = {
			isa = PBXNativeTarget;
			buildConfigurationList = 391C7A341FEE719700921D42 /* Build configuration list for PBXNativeTarget "CircularTransitionUITests" */;
			buildPhases = (
				391C7A211FEE719700921D42 /* Sources */,
				391C7A221FEE719700921D42 /* Frameworks */,
				391C7A231FEE719700921D42 /* Resources */,
			);
			buildRules = (
			);
			dependencies = (
				391C7A271FEE719700921D42 /* PBXTargetDependency */,
			);
			name = CircularTransitionUITests;
			productName = CircularTransitionUITests;
			productReference = 391C7A251FEE719700921D42 /* CircularTransitionUITests.xctest */;
			productType = "com.apple.product-type.bundle.ui-testing";
		};
/* End PBXNativeTarget section */

/* Begin PBXProject section */
		391C79FE1FEE719600921D42 /* Project object */ = {
			isa = PBXProject;
			attributes = {
				LastSwiftUpdateCheck = 0920;
				LastUpgradeCheck = 0920;
				ORGANIZATIONNAME = Kilian;
				TargetAttributes = {
					391C7A051FEE719600921D42 = {
						CreatedOnToolsVersion = 9.2;
						ProvisioningStyle = Automatic;
					};
					391C7A191FEE719700921D42 = {
						CreatedOnToolsVersion = 9.2;
						ProvisioningStyle = Automatic;
						TestTargetID = 391C7A051FEE719600921D42;
					};
					391C7A241FEE719700921D42 = {
						CreatedOnToolsVersion = 9.2;
						ProvisioningStyle = Automatic;
						TestTargetID = 391C7A051FEE719600921D42;
					};
				};
			};
			buildConfigurationList = 391C7A011FEE719600921D42 /* Build configuration list for PBXProject "CircularTransition" */;
			compatibilityVersion = "Xcode 8.0";
			developmentRegion = en;
			hasScannedForEncodings = 0;
			knownRegions = (
				en,
				Base,
			);
			mainGroup = 391C79FD1FEE719600921D42;
			productRefGroup = 391C7A071FEE719600921D42 /* Products */;
			projectDirPath = "";
			projectRoot = "";
			targets = (
				391C7A051FEE719600921D42 /* CircularTransition */,
				391C7A191FEE719700921D42 /* CircularTransitionTests */,
				391C7A241FEE719700921D42 /* CircularTransitionUITests */,
			);
		};
/* End PBXProject section */

/* Begin PBXResourcesBuildPhase section */
		391C7A041FEE719600921D42 /* Resources */ = {
			isa = PBXResourcesBuildPhase;
			buildActionMask = 2147483647;
			files = (
				391C7A141FEE719600921D42 /* LaunchScreen.storyboard in Resources */,
				391C7A111FEE719600921D42 /* Assets.xcassets in Resources */,
				391C7A0F1FEE719600921D42 /* Main.storyboard in Resources */,
			);
			runOnlyForDeploymentPostprocessing = 0;
		};
		391C7A181FEE719700921D42 /* Resources */ = {
			isa = PBXResourcesBuildPhase;
			buildActionMask = 2147483647;
			files = (
			);
			runOnlyForDeploymentPostprocessing = 0;
		};
		391C7A231FEE719700921D42 /* Resources */ = {
			isa = PBXResourcesBuildPhase;
			buildActionMask = 2147483647;
			files = (
			);
			runOnlyForDeploymentPostprocessing = 0;
		};
/* End PBXResourcesBuildPhase section */

/* Begin PBXSourcesBuildPhase section */
		391C7A021FEE719600921D42 /* Sources */ = {
			isa = PBXSourcesBuildPhase;
			buildActionMask = 2147483647;
			files = (
				391C7A381FEE74B000921D42 /* SecondviewController.swift in Sources */,
				391C7A0C1FEE719600921D42 /* ViewController.swift in Sources */,
				391C7A0A1FEE719600921D42 /* AppDelegate.swift in Sources */,
				391C7A3A1FEE764E00921D42 /* CircularTransistion.swift in Sources */,
			);
			runOnlyForDeploymentPostprocessing = 0;
		};
		391C7A161FEE719700921D42 /* Sources */ = {
			isa = PBXSourcesBuildPhase;
			buildActionMask = 2147483647;
			files = (
				391C7A1F1FEE719700921D42 /* CircularTransitionTests.swift in Sources */,
			);
			runOnlyForDeploymentPostprocessing = 0;
		};
		391C7A211FEE719700921D42 /* Sources */ = {
			isa = PBXSourcesBuildPhase;
			buildActionMask = 2147483647;
			files = (
				391C7A2A1FEE719700921D42 /* CircularTransitionUITests.swift in Sources */,
			);
			runOnlyForDeploymentPostprocessing = 0;
		};
/* End PBXSourcesBuildPhase section */

/* Begin PBXTargetDependency section */
		391C7A1C1FEE719700921D42 /* PBXTargetDependency */ = {
			isa = PBXTargetDependency;
			target = 391C7A051FEE719600921D42 /* CircularTransition */;
			targetProxy = 391C7A1B1FEE719700921D42 /* PBXContainerItemProxy */;
		};
		391C7A271FEE719700921D42 /* PBXTargetDependency */ = {
			isa = PBXTargetDependency;
			target = 391C7A051FEE719600921D42 /* CircularTransition */;
			targetProxy = 391C7A261FEE719700921D42 /* PBXContainerItemProxy */;
		};
/* End PBXTargetDependency section */

/* Begin PBXVariantGroup section */
		391C7A0D1FEE719600921D42 /* Main.storyboard */ = {
			isa = PBXVariantGroup;
			children = (
				391C7A0E1FEE719600921D42 /* Base */,
			);
			name = Main.storyboard;
			sourceTree = "<group>";
		};
		391C7A121FEE719600921D42 /* LaunchScreen.storyboard */ = {
			isa = PBXVariantGroup;
			children = (
				391C7A131FEE719600921D42 /* Base */,
			);
			name = LaunchScreen.storyboard;
			sourceTree = "<group>";
		};
/* End PBXVariantGroup section */

/* Begin XCBuildConfiguration section */
		391C7A2C1FEE719700921D42 /* Debug */ = {
			isa = XCBuildConfiguration;
			buildSettings = {
				ALWAYS_SEARCH_USER_PATHS = NO;
				CLANG_ANALYZER_NONNULL = YES;
				CLANG_ANALYZER_NUMBER_OBJECT_CONVERSION = YES_AGGRESSIVE;
				CLANG_CXX_LANGUAGE_STANDARD = "gnu++14";
				CLANG_CXX_LIBRARY = "libc++";
				CLANG_ENABLE_MODULES = YES;
				CLANG_ENABLE_OBJC_ARC = YES;
				CLANG_WARN_BLOCK_CAPTURE_AUTORELEASING = YES;
				CLANG_WARN_BOOL_CONVERSION = YES;
				CLANG_WARN_COMMA = YES;
				CLANG_WARN_CONSTANT_CONVERSION = YES;
				CLANG_WARN_DIRECT_OBJC_ISA_USAGE = YES_ERROR;
				CLANG_WARN_DOCUMENTATION_COMMENTS = YES;
				CLANG_WARN_EMPTY_BODY = YES;
				CLANG_WARN_ENUM_CONVERSION = YES;
				CLANG_WARN_INFINITE_RECURSION = YES;
				CLANG_WARN_INT_CONVERSION = YES;
				CLANG_WARN_NON_LITERAL_NULL_CONVERSION = YES;
				CLANG_WARN_OBJC_LITERAL_CONVERSION = YES;
				CLANG_WARN_OBJC_ROOT_CLASS = YES_ERROR;
				CLANG_WARN_RANGE_LOOP_ANALYSIS = YES;
				CLANG_WARN_STRICT_PROTOTYPES = YES;
				CLANG_WARN_SUSPICIOUS_MOVE = YES;
				CLANG_WARN_UNGUARDED_AVAILABILITY = YES_AGGRESSIVE;
				CLANG_WARN_UNREACHABLE_CODE = YES;
				CLANG_WARN__DUPLICATE_METHOD_MATCH = YES;
				CODE_SIGN_IDENTITY = "iPhone Developer";
				COPY_PHASE_STRIP = NO;
				DEBUG_INFORMATION_FORMAT = dwarf;
				ENABLE_STRICT_OBJC_MSGSEND = YES;
				ENABLE_TESTABILITY = YES;
				GCC_C_LANGUAGE_STANDARD = gnu11;
				GCC_DYNAMIC_NO_PIC = NO;
				GCC_NO_COMMON_BLOCKS = YES;
				GCC_OPTIMIZATION_LEVEL = 0;
				GCC_PREPROCESSOR_DEFINITIONS = (
					"DEBUG=1",
					"$(inherited)",
				);
				GCC_WARN_64_TO_32_BIT_CONVERSION = YES;
				GCC_WARN_ABOUT_RETURN_TYPE = YES_ERROR;
				GCC_WARN_UNDECLARED_SELECTOR = YES;
				GCC_WARN_UNINITIALIZED_AUTOS = YES_AGGRESSIVE;
				GCC_WARN_UNUSED_FUNCTION = YES;
				GCC_WARN_UNUSED_VARIABLE = YES;
				IPHONEOS_DEPLOYMENT_TARGET = 11.2;
				MTL_ENABLE_DEBUG_INFO = YES;
				ONLY_ACTIVE_ARCH = YES;
				SDKROOT = iphoneos;
				SWIFT_ACTIVE_COMPILATION_CONDITIONS = DEBUG;
				SWIFT_OPTIMIZATION_LEVEL = "-Onone";
			};
			name = Debug;
		};
		391C7A2D1FEE719700921D42 /* Release */ = {
			isa = XCBuildConfiguration;
			buildSettings = {
				ALWAYS_SEARCH_USER_PATHS = NO;
				CLANG_ANALYZER_NONNULL = YES;
				CLANG_ANALYZER_NUMBER_OBJECT_CONVERSION = YES_AGGRESSIVE;
				CLANG_CXX_LANGUAGE_STANDARD = "gnu++14";
				CLANG_CXX_LIBRARY = "libc++";
				CLANG_ENABLE_MODULES = YES;
				CLANG_ENABLE_OBJC_ARC = YES;
				CLANG_WARN_BLOCK_CAPTURE_AUTORELEASING = YES;
				CLANG_WARN_BOOL_CONVERSION = YES;
				CLANG_WARN_COMMA = YES;
				CLANG_WARN_CONSTANT_CONVERSION = YES;
				CLANG_WARN_DIRECT_OBJC_ISA_USAGE = YES_ERROR;
				CLANG_WARN_DOCUMENTATION_COMMENTS = YES;
				CLANG_WARN_EMPTY_BODY = YES;
				CLANG_WARN_ENUM_CONVERSION = YES;
				CLANG_WARN_INFINITE_RECURSION = YES;
				CLANG_WARN_INT_CONVERSION = YES;
				CLANG_WARN_NON_LITERAL_NULL_CONVERSION = YES;
				CLANG_WARN_OBJC_LITERAL_CONVERSION = YES;
				CLANG_WARN_OBJC_ROOT_CLASS = YES_ERROR;
				CLANG_WARN_RANGE_LOOP_ANALYSIS = YES;
				CLANG_WARN_STRICT_PROTOTYPES = YES;
				CLANG_WARN_SUSPICIOUS_MOVE = YES;
				CLANG_WARN_UNGUARDED_AVAILABILITY = YES_AGGRESSIVE;
				CLANG_WARN_UNREACHABLE_CODE = YES;
				CLANG_WARN__DUPLICATE_METHOD_MATCH = YES;
				CODE_SIGN_IDENTITY = "iPhone Developer";
				COPY_PHASE_STRIP = NO;
				DEBUG_INFORMATION_FORMAT = "dwarf-with-dsym";
				ENABLE_NS_ASSERTIONS = NO;
				ENABLE_STRICT_OBJC_MSGSEND = YES;
				GCC_C_LANGUAGE_STANDARD = gnu11;
				GCC_NO_COMMON_BLOCKS = YES;
				GCC_WARN_64_TO_32_BIT_CONVERSION = YES;
				GCC_WARN_ABOUT_RETURN_TYPE = YES_ERROR;
				GCC_WARN_UNDECLARED_SELECTOR = YES;
				GCC_WARN_UNINITIALIZED_AUTOS = YES_AGGRESSIVE;
				GCC_WARN_UNUSED_FUNCTION = YES;
				GCC_WARN_UNUSED_VARIABLE = YES;
				IPHONEOS_DEPLOYMENT_TARGET = 11.2;
				MTL_ENABLE_DEBUG_INFO = NO;
				SDKROOT = iphoneos;
				SWIFT_OPTIMIZATION_LEVEL = "-Owholemodule";
				VALIDATE_PRODUCT = YES;
			};
			name = Release;
		};
		391C7A2F1FEE719700921D42 /* Debug */ = {
			isa = XCBuildConfiguration;
			buildSettings = {
				ASSETCATALOG_COMPILER_APPICON_NAME = AppIcon;
				CODE_SIGN_STYLE = Automatic;
				DEVELOPMENT_TEAM = V4EQG7WTM5;
				INFOPLIST_FILE = CircularTransition/Info.plist;
				LD_RUNPATH_SEARCH_PATHS = "$(inherited) @executable_path/Frameworks";
				PRODUCT_BUNDLE_IDENTIFIER = Kiian.CircularTransition;
				PRODUCT_NAME = "$(TARGET_NAME)";
				SWIFT_VERSION = 4.0;
				TARGETED_DEVICE_FAMILY = "1,2";
			};
			name = Debug;
		};
		391C7A301FEE719700921D42 /* Release */ = {
			isa = XCBuildConfiguration;
			buildSettings = {
				ASSETCATALOG_COMPILER_APPICON_NAME = AppIcon;
				CODE_SIGN_STYLE = Automatic;
				DEVELOPMENT_TEAM = V4EQG7WTM5;
				INFOPLIST_FILE = CircularTransition/Info.plist;
				LD_RUNPATH_SEARCH_PATHS = "$(inherited) @executable_path/Frameworks";
				PRODUCT_BUNDLE_IDENTIFIER = Kiian.CircularTransition;
				PRODUCT_NAME = "$(TARGET_NAME)";
				SWIFT_VERSION = 4.0;
				TARGETED_DEVICE_FAMILY = "1,2";
			};
			name = Release;
		};
		391C7A321FEE719700921D42 /* Debug */ = {
			isa = XCBuildConfiguration;
			buildSettings = {
				ALWAYS_EMBED_SWIFT_STANDARD_LIBRARIES = YES;
				BUNDLE_LOADER = "$(TEST_HOST)";
				CODE_SIGN_STYLE = Automatic;
				DEVELOPMENT_TEAM = V4EQG7WTM5;
				INFOPLIST_FILE = CircularTransitionTests/Info.plist;
				LD_RUNPATH_SEARCH_PATHS = "$(inherited) @executable_path/Frameworks @loader_path/Frameworks";
				PRODUCT_BUNDLE_IDENTIFIER = Kiian.CircularTransitionTests;
				PRODUCT_NAME = "$(TARGET_NAME)";
				SWIFT_VERSION = 4.0;
				TARGETED_DEVICE_FAMILY = "1,2";
				TEST_HOST = "$(BUILT_PRODUCTS_DIR)/CircularTransition.app/CircularTransition";
			};
			name = Debug;
		};
		391C7A331FEE719700921D42 /* Release */ = {
			isa = XCBuildConfiguration;
			buildSettings = {
				ALWAYS_EMBED_SWIFT_STANDARD_LIBRARIES = YES;
				BUNDLE_LOADER = "$(TEST_HOST)";
				CODE_SIGN_STYLE = Automatic;
				DEVELOPMENT_TEAM = V4EQG7WTM5;
				INFOPLIST_FILE = CircularTransitionTests/Info.plist;
				LD_RUNPATH_SEARCH_PATHS = "$(inherited) @executable_path/Frameworks @loader_path/Frameworks";
				PRODUCT_BUNDLE_IDENTIFIER = Kiian.CircularTransitionTests;
				PRODUCT_NAME = "$(TARGET_NAME)";
				SWIFT_VERSION = 4.0;
				TARGETED_DEVICE_FAMILY = "1,2";
				TEST_HOST = "$(BUILT_PRODUCTS_DIR)/CircularTransition.app/CircularTransition";
			};
			name = Release;
		};
		391C7A351FEE719700921D42 /* Debug */ = {
			isa = XCBuildConfiguration;
			buildSettings = {
				ALWAYS_EMBED_SWIFT_STANDARD_LIBRARIES = YES;
				CODE_SIGN_STYLE = Automatic;
				DEVELOPMENT_TEAM = V4EQG7WTM5;
				INFOPLIST_FILE = CircularTransitionUITests/Info.plist;
				LD_RUNPATH_SEARCH_PATHS = "$(inherited) @executable_path/Frameworks @loader_path/Frameworks";
				PRODUCT_BUNDLE_IDENTIFIER = Kiian.CircularTransitionUITests;
				PRODUCT_NAME = "$(TARGET_NAME)";
				SWIFT_VERSION = 4.0;
				TARGETED_DEVICE_FAMILY = "1,2";
				TEST_TARGET_NAME = CircularTransition;
			};
			name = Debug;
		};
		391C7A361FEE719700921D42 /* Release */ = {
			isa = XCBuildConfiguration;
			buildSettings = {
				ALWAYS_EMBED_SWIFT_STANDARD_LIBRARIES = YES;
				CODE_SIGN_STYLE = Automatic;
				DEVELOPMENT_TEAM = V4EQG7WTM5;
				INFOPLIST_FILE = CircularTransitionUITests/Info.plist;
				LD_RUNPATH_SEARCH_PATHS = "$(inherited) @executable_path/Frameworks @loader_path/Frameworks";
				PRODUCT_BUNDLE_IDENTIFIER = Kiian.CircularTransitionUITests;
				PRODUCT_NAME = "$(TARGET_NAME)";
				SWIFT_VERSION = 4.0;
				TARGETED_DEVICE_FAMILY = "1,2";
				TEST_TARGET_NAME = CircularTransition;
			};
			name = Release;
		};
/* End XCBuildConfiguration section */

/* Begin XCConfigurationList section */
		391C7A011FEE719600921D42 /* Build configuration list for PBXProject "CircularTransition" */ = {
			isa = XCConfigurationList;
			buildConfigurations = (
				391C7A2C1FEE719700921D42 /* Debug */,
				391C7A2D1FEE719700921D42 /* Release */,
			);
			defaultConfigurationIsVisible = 0;
			defaultConfigurationName = Release;
		};
		391C7A2E1FEE719700921D42 /* Build configuration list for PBXNativeTarget "CircularTransition" */ = {
			isa = XCConfigurationList;
			buildConfigurations = (
				391C7A2F1FEE719700921D42 /* Debug */,
				391C7A301FEE719700921D42 /* Release */,
			);
			defaultConfigurationIsVisible = 0;
			defaultConfigurationName = Release;
		};
		391C7A311FEE719700921D42 /* Build configuration list for PBXNativeTarget "CircularTransitionTests" */ = {
			isa = XCConfigurationList;
			buildConfigurations = (
				391C7A321FEE719700921D42 /* Debug */,
				391C7A331FEE719700921D42 /* Release */,
			);
			defaultConfigurationIsVisible = 0;
			defaultConfigurationName = Release;
		};
		391C7A341FEE719700921D42 /* Build configuration list for PBXNativeTarget "CircularTransitionUITests" */ = {
			isa = XCConfigurationList;
			buildConfigurations = (
				391C7A351FEE719700921D42 /* Debug */,
				391C7A361FEE719700921D42 /* Release */,
			);
			defaultConfigurationIsVisible = 0;
			defaultConfigurationName = Release;
		};
/* End XCConfigurationList section */
	};
	rootObject = 391C79FE1FEE719600921D42 /* Project object */;
}
